
Microsoft Visual Studio Solution File, Format Version 12.00
# Visual Studio 15
VisualStudioVersion = 15.0.28010.2003
MinimumVisualStudioVersion = 10.0.40219.1
Project("{FAE04EC0-301F-11D3-BF4B-00C04F79EFBC}") = "Senai.LanHouse.Web.Razor", "Senai.LanHouse.Web.Razor\Senai.LanHouse.Web.Razor.csproj", "{DE04A62D-B5D5-476A-BBD0-408FEA420C5A}"
EndProject
Global
	GlobalSection(SolutionConfigurationPlatforms) = preSolution
		Debug|Any CPU = Debug|Any CPU
		Release|Any CPU = Release|Any CPU
	EndGlobalSection
	GlobalSection(ProjectConfigurationPlatforms) = postSolution
		{DE04A62D-B5D5-476A-BBD0-408FEA420C5A}.Debug|Any CPU.ActiveCfg = Debug|Any CPU
		{DE04A62D-B5D5-476A-BBD0-408FEA420C5A}.Debug|Any CPU.Build.0 = Debug|Any CPU
		{DE04A62D-B5D5-476A-BBD0-408FEA420C5A}.Release|Any CPU.ActiveCfg = Release|Any CPU
		{DE04A62D-B5D5-476A-BBD0-408FEA420C5A}.Release|Any CPU.Build.0 = Release|Any CPU
	EndGlobalSection
	GlobalSection(SolutionProperties) = preSolution
		HideSolutionNode = FALSE
	EndGlobalSection
	GlobalSection(ExtensibilityGlobals) = postSolution
		SolutionGuid = {BFA42F2F-B979-4559-8648-DC8BE1DC4B9B}
	EndGlobalSection
EndGlobal
